<?xml version="1.0" encoding="UTF-8"?>
<!DOCTYPE plist PUBLIC "-//Apple//DTD PLIST 1.0//EN" "http://www.apple.com/DTDs/PropertyList-1.0.dtd">
<plist version="1.0">
<dict>
	<key>BuildNumber</key>
	<string>41800086</string>
	<key>BundleIdentifier</key>
	<string>com.barebones.bbedit</string>
	<key>HostIdentifier</key>
	<string>862CC867-EF10-538A-9F52-830C18E2A46C</string>
	<key>HostName</key>
	<string>paul-m1</string>
	<key>LockDate</key>
	<date>2023-08-28T08:08:13Z</date>
	<key>LockID</key>
	<string>CB65CB5C-ECC0-4126-A8C8-66E6365846CF</string>
	<key>MarketingVersion</key>
	<string>14.6.7</string>
	<key>NetworkVolume</key>
	<false/>
	<key>ProcessIdentifier</key>
	<integer>1709</integer>
	<key>UserName</key>
	<string>paul</string>
	<key>Version</key>
	<integer>3</integer>
	<key>VolumeIdentifier</key>
	<string>CEE3CC51-303D-4E8D-95D0-1DD1060BF1B6</string>
</dict>
</plist>
