<?xml version="1.0" encoding="UTF-8"?>
<!DOCTYPE plist PUBLIC "-//Apple//DTD PLIST 1.0//EN" "http://www.apple.com/DTDs/PropertyList-1.0.dtd">
<plist version="1.0">
<dict>
	<key>BuildNumber</key>
	<string>430000060</string>
	<key>BundleIdentifier</key>
	<string>com.barebones.bbedit</string>
	<key>HostIdentifier</key>
	<string>D003B6EB-C0D7-5C8F-B0E3-A40EAD9FBC64</string>
	<key>HostName</key>
	<string>MacBook Pro (2)</string>
	<key>LockDate</key>
	<date>2025-06-20T04:54:37Z</date>
	<key>LockID</key>
	<string>A31E0D01-C91C-4C09-A416-5E96C97ACAA2</string>
	<key>MarketingVersion</key>
	<string>15.5</string>
	<key>NetworkVolume</key>
	<false/>
	<key>ProcessIdentifier</key>
	<integer>9641</integer>
	<key>UserName</key>
	<string>paul</string>
	<key>Version</key>
	<integer>3</integer>
	<key>VolumeIdentifier</key>
	<string>79F0F1FD-BBE2-4BE0-91A8-7F9E6D281142</string>
</dict>
</plist>
